github.com/NIR3X/concurrentcache v0.0.0-20240127091600-ae201ca6a4c1 h1:hgfPIy5GWrV5N0QXPxVxbPr02M77/kLHmqCotZKiUDk=
github.com/NIR3X/concurrentcache v0.0.0-20240127091600-ae201ca6a4c1/go.mod h1:RCo9kFNRKTA6QKOpFqTDfd5HlINXCHXMs/TDKV0dGDU=
github.com/NIR3X/concurrentcache v0.0.0-20240127100201-01ef8bd37490 h1:UmYAtNRVPd4v1HuIiasVPnjWn8t+CjrBtrY+F+Skyvg=
github.com/NIR3X/concurrentcache v0.0.0-20240127100201-01ef8bd37490/go.mod h1:RCo9kFNRKTA6QKOpFqTDfd5HlINXCHXMs/TDKV0dGDU=
