github.com/NIR3X/concurrentcache v0.0.0-20240127031014-010f95b46387 h1:JD/YZ300WY7TAE3S3EtZp8O/1GwCEjupl6sbAegF1jQ=
github.com/NIR3X/concurrentcache v0.0.0-20240127031014-010f95b46387/go.mod h1:RCo9kFNRKTA6QKOpFqTDfd5HlINXCHXMs/TDKV0dGDU=
github.com/NIR3X/concurrentcache v0.0.0-20240127033348-f46fcc90c8b2 h1:MMXv76CVzt/PBCqcqbytI3PpE7oGeV3EqtKqzHAY5CA=
github.com/NIR3X/concurrentcache v0.0.0-20240127033348-f46fcc90c8b2/go.mod h1:RCo9kFNRKTA6QKOpFqTDfd5HlINXCHXMs/TDKV0dGDU=
